
Microsoft Visual Studio Solution File, Format Version 12.00
# Visual Studio 15
VisualStudioVersion = 15.0.28307.902
MinimumVisualStudioVersion = 10.0.40219.1
Project("{FAE04EC0-301F-11D3-BF4B-00C04F79EFBC}") = "Singleton.Structural", "Singleton.Structural\Singleton.Structural.csproj", "{4159CDC5-8A3C-44F1-AE39-E3E1852584A6}"
EndProject
Project("{2150E333-8FDC-42A3-9474-1A3956D46DE8}") = "Creational Design Patterns", "Creational Design Patterns", "{DBE6644B-3FF9-45B6-8E7B-E038765119D6}"
EndProject
Project("{2150E333-8FDC-42A3-9474-1A3956D46DE8}") = "Structural Design Patterns", "Structural Design Patterns", "{E17FDDBD-37A7-4643-B3E3-FCEE61A34C67}"
EndProject
Project("{2150E333-8FDC-42A3-9474-1A3956D46DE8}") = "Behavioral Design Patterns", "Behavioral Design Patterns", "{E62E5E08-9FE4-4D7A-8620-1FC17B5CF7A9}"
EndProject
Project("{2150E333-8FDC-42A3-9474-1A3956D46DE8}") = "Singleton", "Singleton", "{B4F99980-E774-41B0-BC04-E33A9C67B16F}"
EndProject
Project("{2150E333-8FDC-42A3-9474-1A3956D46DE8}") = "Factory Method", "Factory Method", "{0D4A6E7B-1229-4198-9818-5227BAEC3699}"
EndProject
Project("{FAE04EC0-301F-11D3-BF4B-00C04F79EFBC}") = "Factory.Structural", "Factory.Structural\Factory.Structural.csproj", "{43D7A735-D477-4093-BC1D-86FC707305E1}"
EndProject
Project("{FAE04EC0-301F-11D3-BF4B-00C04F79EFBC}") = "Factory.RealWorld", "Factory.RealWorld\Factory.RealWorld.csproj", "{4BEE7117-6AE0-4906-A29A-2498D1642654}"
EndProject
Project("{FAE04EC0-301F-11D3-BF4B-00C04F79EFBC}") = "Factory.CreditCard", "Factory.CreditCard\Factory.CreditCard.csproj", "{C61D9789-0FDD-46D6-8635-7D8AAAE7C408}"
EndProject
Project("{FAE04EC0-301F-11D3-BF4B-00C04F79EFBC}") = "Factory.Dialog", "Factory.Dialog\Factory.Dialog.csproj", "{86E14CDE-401F-44F4-972D-CCD4E540EFAC}"
EndProject
Project("{2150E333-8FDC-42A3-9474-1A3956D46DE8}") = "Abstract.Factory", "Abstract.Factory", "{AFE229E4-06AA-4E67-ACBA-983BE89A09F2}"
EndProject
Project("{FAE04EC0-301F-11D3-BF4B-00C04F79EFBC}") = "Abstract.Structural", "Abstract.Structural\Abstract.Structural.csproj", "{002E8C6F-7852-4B88-9D1A-B5126B86321C}"
EndProject
Global
	GlobalSection(SolutionConfigurationPlatforms) = preSolution
		Debug|Any CPU = Debug|Any CPU
		Release|Any CPU = Release|Any CPU
	EndGlobalSection
	GlobalSection(ProjectConfigurationPlatforms) = postSolution
		{4159CDC5-8A3C-44F1-AE39-E3E1852584A6}.Debug|Any CPU.ActiveCfg = Debug|Any CPU
		{4159CDC5-8A3C-44F1-AE39-E3E1852584A6}.Debug|Any CPU.Build.0 = Debug|Any CPU
		{4159CDC5-8A3C-44F1-AE39-E3E1852584A6}.Release|Any CPU.ActiveCfg = Release|Any CPU
		{4159CDC5-8A3C-44F1-AE39-E3E1852584A6}.Release|Any CPU.Build.0 = Release|Any CPU
		{43D7A735-D477-4093-BC1D-86FC707305E1}.Debug|Any CPU.ActiveCfg = Debug|Any CPU
		{43D7A735-D477-4093-BC1D-86FC707305E1}.Debug|Any CPU.Build.0 = Debug|Any CPU
		{43D7A735-D477-4093-BC1D-86FC707305E1}.Release|Any CPU.ActiveCfg = Release|Any CPU
		{43D7A735-D477-4093-BC1D-86FC707305E1}.Release|Any CPU.Build.0 = Release|Any CPU
		{4BEE7117-6AE0-4906-A29A-2498D1642654}.Debug|Any CPU.ActiveCfg = Debug|Any CPU
		{4BEE7117-6AE0-4906-A29A-2498D1642654}.Debug|Any CPU.Build.0 = Debug|Any CPU
		{4BEE7117-6AE0-4906-A29A-2498D1642654}.Release|Any CPU.ActiveCfg = Release|Any CPU
		{4BEE7117-6AE0-4906-A29A-2498D1642654}.Release|Any CPU.Build.0 = Release|Any CPU
		{C61D9789-0FDD-46D6-8635-7D8AAAE7C408}.Debug|Any CPU.ActiveCfg = Debug|Any CPU
		{C61D9789-0FDD-46D6-8635-7D8AAAE7C408}.Debug|Any CPU.Build.0 = Debug|Any CPU
		{C61D9789-0FDD-46D6-8635-7D8AAAE7C408}.Release|Any CPU.ActiveCfg = Release|Any CPU
		{C61D9789-0FDD-46D6-8635-7D8AAAE7C408}.Release|Any CPU.Build.0 = Release|Any CPU
		{86E14CDE-401F-44F4-972D-CCD4E540EFAC}.Debug|Any CPU.ActiveCfg = Debug|Any CPU
		{86E14CDE-401F-44F4-972D-CCD4E540EFAC}.Debug|Any CPU.Build.0 = Debug|Any CPU
		{86E14CDE-401F-44F4-972D-CCD4E540EFAC}.Release|Any CPU.ActiveCfg = Release|Any CPU
		{86E14CDE-401F-44F4-972D-CCD4E540EFAC}.Release|Any CPU.Build.0 = Release|Any CPU
		{002E8C6F-7852-4B88-9D1A-B5126B86321C}.Debug|Any CPU.ActiveCfg = Debug|Any CPU
		{002E8C6F-7852-4B88-9D1A-B5126B86321C}.Debug|Any CPU.Build.0 = Debug|Any CPU
		{002E8C6F-7852-4B88-9D1A-B5126B86321C}.Release|Any CPU.ActiveCfg = Release|Any CPU
		{002E8C6F-7852-4B88-9D1A-B5126B86321C}.Release|Any CPU.Build.0 = Release|Any CPU
	EndGlobalSection
	GlobalSection(SolutionProperties) = preSolution
		HideSolutionNode = FALSE
	EndGlobalSection
	GlobalSection(NestedProjects) = preSolution
		{4159CDC5-8A3C-44F1-AE39-E3E1852584A6} = {B4F99980-E774-41B0-BC04-E33A9C67B16F}
		{B4F99980-E774-41B0-BC04-E33A9C67B16F} = {DBE6644B-3FF9-45B6-8E7B-E038765119D6}
		{0D4A6E7B-1229-4198-9818-5227BAEC3699} = {DBE6644B-3FF9-45B6-8E7B-E038765119D6}
		{43D7A735-D477-4093-BC1D-86FC707305E1} = {0D4A6E7B-1229-4198-9818-5227BAEC3699}
		{4BEE7117-6AE0-4906-A29A-2498D1642654} = {0D4A6E7B-1229-4198-9818-5227BAEC3699}
		{C61D9789-0FDD-46D6-8635-7D8AAAE7C408} = {0D4A6E7B-1229-4198-9818-5227BAEC3699}
		{86E14CDE-401F-44F4-972D-CCD4E540EFAC} = {0D4A6E7B-1229-4198-9818-5227BAEC3699}
		{AFE229E4-06AA-4E67-ACBA-983BE89A09F2} = {DBE6644B-3FF9-45B6-8E7B-E038765119D6}
		{002E8C6F-7852-4B88-9D1A-B5126B86321C} = {AFE229E4-06AA-4E67-ACBA-983BE89A09F2}
	EndGlobalSection
	GlobalSection(ExtensibilityGlobals) = postSolution
		SolutionGuid = {ACBFFE23-5C9E-4435-B6DF-EDDB86611C2D}
	EndGlobalSection
EndGlobal
